
Microsoft Visual Studio Solution File, Format Version 12.00
# Visual Studio Version 16
VisualStudioVersion = 16.0.35229.62
MinimumVisualStudioVersion = 10.0.40219.1
Project("{FAE04EC0-301F-11D3-BF4B-00C04F79EFBC}") = "LearningNavigator", "LearningNavigator\LearningNavigator.csproj", "{FB2F7A9B-65B6-478B-A5CD-AEC7A6C496F1}"
EndProject
Global
	GlobalSection(SolutionConfigurationPlatforms) = preSolution
		Debug|Any CPU = Debug|Any CPU
		Release|Any CPU = Release|Any CPU
	EndGlobalSection
	GlobalSection(ProjectConfigurationPlatforms) = postSolution
		{FB2F7A9B-65B6-478B-A5CD-AEC7A6C496F1}.Debug|Any CPU.ActiveCfg = Debug|Any CPU
		{FB2F7A9B-65B6-478B-A5CD-AEC7A6C496F1}.Debug|Any CPU.Build.0 = Debug|Any CPU
		{FB2F7A9B-65B6-478B-A5CD-AEC7A6C496F1}.Release|Any CPU.ActiveCfg = Release|Any CPU
		{FB2F7A9B-65B6-478B-A5CD-AEC7A6C496F1}.Release|Any CPU.Build.0 = Release|Any CPU
	EndGlobalSection
	GlobalSection(SolutionProperties) = preSolution
		HideSolutionNode = FALSE
	EndGlobalSection
	GlobalSection(ExtensibilityGlobals) = postSolution
		SolutionGuid = {B37427DD-F1B1-4EBF-B45E-7AE1E9AA2F60}
	EndGlobalSection
EndGlobal
